<?xml version="1.0" encoding="utf-8"?>
<Project ToolsVersion="4.0" xmlns="http://schemas.microsoft.com/developer/msbuild/2003">
  <ItemGroup>
    <ClCompile Include="src\Core\Application.cpp" />
    <ClCompile Include="src\Core\glad.c" />
    <ClCompile Include="src\Utils\Shader.cpp" />
    <ClCompile Include="src\Utils\BufferObjects\VertexBuffer.cpp" />
    <ClCompile Include="src\Utils\BufferObjects\ElementBuffer.cpp" />
    <ClCompile Include="src\Utils\BufferObjects\VertexArray.cpp" />
    <ClCompile Include="src\Objects\Quad.cpp" />
    <ClCompile Include="src\Utils\Input\WindowHandler.cpp" />
    <ClCompile Include="src\Utils\Input\MouseHandler.cpp" />
    <ClCompile Include="src\Utils\Input\KeyboardHandler.cpp" />
    <ClCompile Include="src\Core\Window.cpp" />
    <ClCompile Include="src\Main.cpp" />
    <ClCompile Include="src\Scenes\RayMarchingScene.cpp" />
  </ItemGroup>
  <ItemGroup>
    <None Include="assets\shaders\default.vert" />
    <None Include="assets\shaders\default.frag" />
  </ItemGroup>
  <ItemGroup>
    <ClInclude Include="src\Utils\Shader.h" />
    <ClInclude Include="src\Utils\BufferObjects\VertexBuffer.h" />
    <ClInclude Include="src\Utils\BufferObjects\ElementBuffer.h" />
    <ClInclude Include="src\Utils\BufferObjects\VertexArray.h" />
    <ClInclude Include="src\Utils\Mesh.h" />
    <ClInclude Include="src\Objects\Quad.h" />
    <ClInclude Include="src\Utils\Input\WindowHandler.h" />
    <ClInclude Include="src\Utils\Input\MouseHandler.h" />
    <ClInclude Include="src\Utils\Input\KeyboardHandler.h" />
    <ClInclude Include="src\Core\Window.h" />
    <ClInclude Include="src\Core\Application.h" />
    <ClInclude Include="src\Core\Scene.h" />
    <ClInclude Include="src\Scenes\RayMarchingScene.h" />
  </ItemGroup>
</Project>